
Microsoft Visual Studio Solution File, Format Version 12.00
# Visual Studio Version 17
VisualStudioVersion = 17.14.36705.20 d17.14
MinimumVisualStudioVersion = 10.0.40219.1
Project("{FAE04EC0-301F-11D3-BF4B-00C04F79EFBC}") = "IT13", "IT13\IT13.csproj", "{C2AB77AC-9529-4EBE-BBA3-2E952932634D}"
EndProject
Global
	GlobalSection(SolutionConfigurationPlatforms) = preSolution
		Debug|Any CPU = Debug|Any CPU
		Release|Any CPU = Release|Any CPU
	EndGlobalSection
	GlobalSection(ProjectConfigurationPlatforms) = postSolution
		{C2AB77AC-9529-4EBE-BBA3-2E952932634D}.Debug|Any CPU.ActiveCfg = Debug|Any CPU
		{C2AB77AC-9529-4EBE-BBA3-2E952932634D}.Debug|Any CPU.Build.0 = Debug|Any CPU
		{C2AB77AC-9529-4EBE-BBA3-2E952932634D}.Release|Any CPU.ActiveCfg = Release|Any CPU
		{C2AB77AC-9529-4EBE-BBA3-2E952932634D}.Release|Any CPU.Build.0 = Release|Any CPU
	EndGlobalSection
	GlobalSection(SolutionProperties) = preSolution
		HideSolutionNode = FALSE
	EndGlobalSection
	GlobalSection(ExtensibilityGlobals) = postSolution
		SolutionGuid = {74638324-D124-45AC-86DA-2B257E5A5D82}
	EndGlobalSection
EndGlobal
